
Microsoft Visual Studio Solution File, Format Version 12.00
# Visual Studio Version 17
VisualStudioVersion = 17.4.33110.190
MinimumVisualStudioVersion = 10.0.40219.1
Project("{8BC9CEB8-8B4A-11D0-8D11-00A0C91BC942}") = "TestCad", "TestCad\TestCad.vcxproj", "{858D67C9-C615-4FB4-AFF3-4E40A8BDD83A}"
EndProject
Global
	GlobalSection(SolutionConfigurationPlatforms) = preSolution
		Debug|x64 = Debug|x64
		Debug|x86 = Debug|x86
		Release|x64 = Release|x64
		Release|x86 = Release|x86
	EndGlobalSection
	GlobalSection(ProjectConfigurationPlatforms) = postSolution
		{858D67C9-C615-4FB4-AFF3-4E40A8BDD83A}.Debug|x64.ActiveCfg = Debug|x64
		{858D67C9-C615-4FB4-AFF3-4E40A8BDD83A}.Debug|x64.Build.0 = Debug|x64
		{858D67C9-C615-4FB4-AFF3-4E40A8BDD83A}.Debug|x86.ActiveCfg = Debug|Win32
		{858D67C9-C615-4FB4-AFF3-4E40A8BDD83A}.Debug|x86.Build.0 = Debug|Win32
		{858D67C9-C615-4FB4-AFF3-4E40A8BDD83A}.Release|x64.ActiveCfg = Release|x64
		{858D67C9-C615-4FB4-AFF3-4E40A8BDD83A}.Release|x64.Build.0 = Release|x64
		{858D67C9-C615-4FB4-AFF3-4E40A8BDD83A}.Release|x86.ActiveCfg = Release|Win32
		{858D67C9-C615-4FB4-AFF3-4E40A8BDD83A}.Release|x86.Build.0 = Release|Win32
	EndGlobalSection
	GlobalSection(SolutionProperties) = preSolution
		HideSolutionNode = FALSE
	EndGlobalSection
	GlobalSection(ExtensibilityGlobals) = postSolution
		SolutionGuid = {C1361AC6-3055-4EB4-BDE0-889B6777B324}
	EndGlobalSection
EndGlobal
